# This file is autogenerated, do not edit; changes may be undone by the next 'dep ensure'.


[[projects]]
  name = "github.com/Azure/azure-sdk-for-go"
  packages = [
    "services/containerregistry/mgmt/2017-10-01/containerregistry",
    "version"
  ]
  revision = "cd93ccfe0395e70031704ca68f14606588eec120"
  version = "v17.3.0"

[[projects]]
  name = "github.com/Azure/draft"
  packages = [
    "pkg/azure/iam",
    "pkg/azure/iam/helpers"
  ]
  revision = "9d73889a1318a435d126bc5df846610d30cfbe7f"
  version = "v0.15.0"

[[projects]]
  name = "github.com/Azure/go-autorest"
  packages = [
    "autorest",
    "autorest/adal",
    "autorest/azure",
    "autorest/azure/cli",
    "autorest/date",
    "autorest/to",
    "autorest/utils",
    "autorest/validation"
  ]
  revision = "76796dcb80ab6491bf22e344402023c081a7a282"
  version = "v10.11.1"

[[projects]]
  name = "github.com/dgrijalva/jwt-go"
  packages = ["."]
  revision = "06ea1031745cb8b3dab3f6a236daf2b0aa468b7e"
  version = "v3.2.0"

[[projects]]
  branch = "master"
  name = "github.com/dimchansky/utfbom"
  packages = ["."]
  revision = "6c6132ff69f0f6c088739067407b5d32c52e1d0f"

[[projects]]
  branch = "master"
  name = "github.com/mitchellh/go-homedir"
  packages = ["."]
  revision = "3864e76763d94a6df2f9960b16a20a33da9f9a66"

[solve-meta]
  analyzer-name = "dep"
  analyzer-version = 1
  inputs-digest = "693fff0f8df54474d184917965d7d2d0bbf1018532acd5a8b1db8233e0913bfb"
  solver-name = "gps-cdcl"
  solver-version = 1
